
Microsoft Visual Studio Solution File, Format Version 12.00
# Visual Studio Version 16
VisualStudioVersion = 16.0.33927.289
MinimumVisualStudioVersion = 10.0.40219.1
Project("{FAE04EC0-301F-11D3-BF4B-00C04F79EFBC}") = "Proj2redo", "Proj2redo\Proj2redo.csproj", "{42E49B76-17CF-4ED8-8AC8-692576F42028}"
EndProject
Global
	GlobalSection(SolutionConfigurationPlatforms) = preSolution
		Debug|Any CPU = Debug|Any CPU
		Release|Any CPU = Release|Any CPU
	EndGlobalSection
	GlobalSection(ProjectConfigurationPlatforms) = postSolution
		{42E49B76-17CF-4ED8-8AC8-692576F42028}.Debug|Any CPU.ActiveCfg = Debug|Any CPU
		{42E49B76-17CF-4ED8-8AC8-692576F42028}.Debug|Any CPU.Build.0 = Debug|Any CPU
		{42E49B76-17CF-4ED8-8AC8-692576F42028}.Release|Any CPU.ActiveCfg = Release|Any CPU
		{42E49B76-17CF-4ED8-8AC8-692576F42028}.Release|Any CPU.Build.0 = Release|Any CPU
	EndGlobalSection
	GlobalSection(SolutionProperties) = preSolution
		HideSolutionNode = FALSE
	EndGlobalSection
	GlobalSection(ExtensibilityGlobals) = postSolution
		SolutionGuid = {5F95956A-4AAB-4382-A391-82ACCA596FB6}
	EndGlobalSection
EndGlobal
